{
  "nodes": {
    "hugo-theme-terminal": {
      "flake": false,
      "locked": {
        "lastModified": 1648589810,
        "narHash": "sha256-eCsdEwFmFGJoiVBY+nJR/DpEdNDtAKkXb9JHW9eToj0=",
        "owner": "panr",
        "repo": "hugo-theme-terminal",
        "rev": "e0213b0d4eaa399770a11be1faff89529b2ced0b",
        "type": "github"
      },
      "original": {
        "owner": "panr",
        "repo": "hugo-theme-terminal",
        "type": "github"
      }
    },
    "nixpkgs": {
      "locked": {
        "lastModified": 1651007983,
        "narHash": "sha256-GNay7yDPtLcRcKCNHldug85AhAvBpTtPEJWSSDYBw8U=",
        "owner": "nixos",
        "repo": "nixpkgs",
        "rev": "e10da1c7f542515b609f8dfbcf788f3d85b14936",
        "type": "github"
      },
      "original": {
        "owner": "nixos",
        "ref": "nixos-unstable",
        "repo": "nixpkgs",
        "type": "github"
      }
    },
    "root": {
      "inputs": {
        "flake-utils": [
          "wafer",
          "utils"
        ],
        "hugo-theme-terminal": "hugo-theme-terminal",
        "nixpkgs": [
          "wafer",
          "nixpkgs"
        ],
        "wafer": "wafer"
      }
    },
    "utils": {
      "locked": {
        "lastModified": 1649676176,
        "narHash": "sha256-OWKJratjt2RW151VUlJPRALb7OU2S5s+f0vLj4o1bHM=",
        "owner": "numtide",
        "repo": "flake-utils",
        "rev": "a4b154ebbdc88c8498a5c7b01589addc9e9cb678",
        "type": "github"
      },
      "original": {
        "owner": "numtide",
        "repo": "flake-utils",
        "type": "github"
      }
    },
    "wafer": {
      "inputs": {
        "nixpkgs": "nixpkgs",
        "utils": "utils"
      },
      "locked": {
        "lastModified": 1651167688,
        "narHash": "sha256-9KAGDlmxBTjkLWQXY6t8Stb0CoTSPg/GVf7s3s9bIJE=",
        "owner": "zoenglinghou",
        "repo": "wafer",
        "rev": "380ec43b14bb39b45669da07311c03aaf215aa7a",
        "type": "github"
      },
      "original": {
        "owner": "zoenglinghou",
        "ref": "main",
        "repo": "wafer",
        "type": "github"
      }
    }
  },
  "root": "root",
  "version": 7
}
