{
  "nodes": {
    "hugo-theme-terminal": {
      "flake": false,
      "locked": {
        "lastModified": 1648589810,
        "narHash": "sha256-eCsdEwFmFGJoiVBY+nJR/DpEdNDtAKkXb9JHW9eToj0=",
        "owner": "panr",
        "repo": "hugo-theme-terminal",
        "rev": "e0213b0d4eaa399770a11be1faff89529b2ced0b",
        "type": "github"
      },
      "original": {
        "owner": "panr",
        "repo": "hugo-theme-terminal",
        "type": "github"
      }
    },
    "nixpkgs": {
      "locked": {
        "lastModified": 1654230545,
        "narHash": "sha256-8Vlwf0x8ow6pPOK2a04bT+pxIeRnM1+O0Xv9/CuDzRs=",
        "owner": "nixos",
        "repo": "nixpkgs",
        "rev": "236cc2971ac72acd90f0ae3a797f9f83098b17ec",
        "type": "github"
      },
      "original": {
        "owner": "nixos",
        "ref": "nixos-unstable",
        "repo": "nixpkgs",
        "type": "github"
      }
    },
    "root": {
      "inputs": {
        "flake-utils": [
          "wafer",
          "utils"
        ],
        "hugo-theme-terminal": "hugo-theme-terminal",
        "nixpkgs": [
          "wafer",
          "nixpkgs"
        ],
        "wafer": "wafer"
      }
    },
    "utils": {
      "locked": {
        "lastModified": 1653893745,
        "narHash": "sha256-0jntwV3Z8//YwuOjzhV2sgJJPt+HY6KhU7VZUL0fKZQ=",
        "owner": "numtide",
        "repo": "flake-utils",
        "rev": "1ed9fb1935d260de5fe1c2f7ee0ebaae17ed2fa1",
        "type": "github"
      },
      "original": {
        "owner": "numtide",
        "repo": "flake-utils",
        "type": "github"
      }
    },
    "wafer": {
      "inputs": {
        "nixpkgs": "nixpkgs",
        "utils": "utils"
      },
      "locked": {
        "lastModified": 1654415794,
        "narHash": "sha256-dyGJJtc9CYAsioZB/OD1JqGddEaLirOnqgQc3D3UwiA=",
        "owner": "zoenglinghou",
        "repo": "wafer",
        "rev": "82599665c4d86480f6a9e4756c87382df17c4724",
        "type": "github"
      },
      "original": {
        "owner": "zoenglinghou",
        "ref": "main",
        "repo": "wafer",
        "type": "github"
      }
    }
  },
  "root": "root",
  "version": 7
}
